
Microsoft Visual Studio Solution File, Format Version 11.00
# Visual Studio 2010
Project("{FAE04EC0-301F-11D3-BF4B-00C04F79EFBC}") = "Assembly-CSharp", "Assembly-CSharp.csproj", "{04A65E97-875C-742D-1288-9F133FF6D415}"
EndProject
Project("{FAE04EC0-301F-11D3-BF4B-00C04F79EFBC}") = "Assembly-CSharp-firstpass", "Assembly-CSharp-firstpass.csproj", "{1C02B10A-3A35-2633-254A-A559FCF1EA36}"
EndProject
Project("{FAE04EC0-301F-11D3-BF4B-00C04F79EFBC}") = "Assembly-CSharp-Editor-firstpass", "Assembly-CSharp-Editor-firstpass.csproj", "{994AD648-4235-3E5D-88B0-B60290DA8ECB}"
EndProject
Global
	GlobalSection(SolutionConfigurationPlatforms) = preSolution
		Debug|Any CPU = Debug|Any CPU
		Release|Any CPU = Release|Any CPU
	EndGlobalSection
	GlobalSection(ProjectConfigurationPlatforms) = postSolution
		{04A65E97-875C-742D-1288-9F133FF6D415}.Debug|Any CPU.ActiveCfg = Debug|Any CPU
		{04A65E97-875C-742D-1288-9F133FF6D415}.Debug|Any CPU.Build.0 = Debug|Any CPU
		{04A65E97-875C-742D-1288-9F133FF6D415}.Release|Any CPU.ActiveCfg = Release|Any CPU
		{04A65E97-875C-742D-1288-9F133FF6D415}.Release|Any CPU.Build.0 = Release|Any CPU
		{1C02B10A-3A35-2633-254A-A559FCF1EA36}.Debug|Any CPU.ActiveCfg = Debug|Any CPU
		{1C02B10A-3A35-2633-254A-A559FCF1EA36}.Debug|Any CPU.Build.0 = Debug|Any CPU
		{1C02B10A-3A35-2633-254A-A559FCF1EA36}.Release|Any CPU.ActiveCfg = Release|Any CPU
		{1C02B10A-3A35-2633-254A-A559FCF1EA36}.Release|Any CPU.Build.0 = Release|Any CPU
		{994AD648-4235-3E5D-88B0-B60290DA8ECB}.Debug|Any CPU.ActiveCfg = Debug|Any CPU
		{994AD648-4235-3E5D-88B0-B60290DA8ECB}.Debug|Any CPU.Build.0 = Debug|Any CPU
		{994AD648-4235-3E5D-88B0-B60290DA8ECB}.Release|Any CPU.ActiveCfg = Release|Any CPU
		{994AD648-4235-3E5D-88B0-B60290DA8ECB}.Release|Any CPU.Build.0 = Release|Any CPU
	EndGlobalSection
	GlobalSection(SolutionProperties) = preSolution
		HideSolutionNode = FALSE
	EndGlobalSection
	GlobalSection(MonoDevelopProperties) = preSolution
		StartupItem = Assembly-CSharp.csproj
	EndGlobalSection
EndGlobal
